
Microsoft Visual Studio Solution File, Format Version 12.00
# Visual Studio Version 17
VisualStudioVersion = 17.13.35818.85 d17.13
MinimumVisualStudioVersion = 10.0.40219.1
Project("{FAE04EC0-301F-11D3-BF4B-00C04F79EFBC}") = "WidgetBoard", "WidgetBoard\WidgetBoard.csproj", "{10163DA9-0728-4B5B-B1A8-BBC859CF38F1}"
EndProject
Project("{FAE04EC0-301F-11D3-BF4B-00C04F79EFBC}") = "Tests", "Tests\Tests.csproj", "{E3DBA245-A4B2-4373-9BB0-34DB0E96653D}"
EndProject
Global
	GlobalSection(SolutionConfigurationPlatforms) = preSolution
		Debug|Any CPU = Debug|Any CPU
		Release|Any CPU = Release|Any CPU
	EndGlobalSection
	GlobalSection(ProjectConfigurationPlatforms) = postSolution
		{10163DA9-0728-4B5B-B1A8-BBC859CF38F1}.Debug|Any CPU.ActiveCfg = Debug|Any CPU
		{10163DA9-0728-4B5B-B1A8-BBC859CF38F1}.Debug|Any CPU.Build.0 = Debug|Any CPU
		{10163DA9-0728-4B5B-B1A8-BBC859CF38F1}.Debug|Any CPU.Deploy.0 = Debug|Any CPU
		{10163DA9-0728-4B5B-B1A8-BBC859CF38F1}.Release|Any CPU.ActiveCfg = Release|Any CPU
		{10163DA9-0728-4B5B-B1A8-BBC859CF38F1}.Release|Any CPU.Build.0 = Release|Any CPU
		{E3DBA245-A4B2-4373-9BB0-34DB0E96653D}.Debug|Any CPU.ActiveCfg = Debug|Any CPU
		{E3DBA245-A4B2-4373-9BB0-34DB0E96653D}.Debug|Any CPU.Build.0 = Debug|Any CPU
		{E3DBA245-A4B2-4373-9BB0-34DB0E96653D}.Release|Any CPU.ActiveCfg = Release|Any CPU
		{E3DBA245-A4B2-4373-9BB0-34DB0E96653D}.Release|Any CPU.Build.0 = Release|Any CPU
	EndGlobalSection
	GlobalSection(SolutionProperties) = preSolution
		HideSolutionNode = FALSE
	EndGlobalSection
	GlobalSection(ExtensibilityGlobals) = postSolution
		SolutionGuid = {72288183-6F68-4A6E-99E3-5034A9A826E1}
	EndGlobalSection
EndGlobal
